
Microsoft Visual Studio Solution File, Format Version 12.00
# Visual Studio Version 16
VisualStudioVersion = 16.0.29403.142
MinimumVisualStudioVersion = 10.0.40219.1
Project("{FAE04EC0-301F-11D3-BF4B-00C04F79EFBC}") = "movies", "movies\movies.csproj", "{4F368575-C9BD-47CA-907C-7A5F07882671}"
EndProject
Global
	GlobalSection(SolutionConfigurationPlatforms) = preSolution
		Debug|Any CPU = Debug|Any CPU
		Release|Any CPU = Release|Any CPU
	EndGlobalSection
	GlobalSection(ProjectConfigurationPlatforms) = postSolution
		{4F368575-C9BD-47CA-907C-7A5F07882671}.Debug|Any CPU.ActiveCfg = Debug|Any CPU
		{4F368575-C9BD-47CA-907C-7A5F07882671}.Debug|Any CPU.Build.0 = Debug|Any CPU
		{4F368575-C9BD-47CA-907C-7A5F07882671}.Release|Any CPU.ActiveCfg = Release|Any CPU
		{4F368575-C9BD-47CA-907C-7A5F07882671}.Release|Any CPU.Build.0 = Release|Any CPU
	EndGlobalSection
	GlobalSection(SolutionProperties) = preSolution
		HideSolutionNode = FALSE
	EndGlobalSection
	GlobalSection(ExtensibilityGlobals) = postSolution
		SolutionGuid = {94647D51-9D12-45F9-B2F5-684400E133A9}
	EndGlobalSection
EndGlobal
